// !$*UTF8*$!
{
	archiveVersion = 1;
	classes = {
	};
	objectVersion = 46;
	objects = {

/* Begin PBXBuildFile section */
		78FA1E381BB3487C00A5F627 /* AppDelegate.m in Sources */ = {isa = PBXBuildFile; fileRef = 78FA1E371BB3487C00A5F627 /* AppDelegate.m */; };
		78FA1E3B1BB3487C00A5F627 /* main.m in Sources */ = {isa = PBXBuildFile; fileRef = 78FA1E3A1BB3487C00A5F627 /* main.m */; };
		78FA1E3E1BB3487C00A5F627 /* Document.m in Sources */ = {isa = PBXBuildFile; fileRef = 78FA1E3D1BB3487C00A5F627 /* Document.m */; };
		78FA1E411BB3487C00A5F627 /* Document.xib in Resources */ = {isa = PBXBuildFile; fileRef = 78FA1E3F1BB3487C00A5F627 /* Document.xib */; };
		78FA1E431BB3487C00A5F627 /* Assets.xcassets in Resources */ = {isa = PBXBuildFile; fileRef = 78FA1E421BB3487C00A5F627 /* Assets.xcassets */; };
		78FA1E461BB3487C00A5F627 /* MainMenu.xib in Resources */ = {isa = PBXBuildFile; fileRef = 78FA1E441BB3487C00A5F627 /* MainMenu.xib */; };
		78FA1E511BB3487D00A5F627 /* Flutter_ToolKitTests.m in Sources */ = {isa = PBXBuildFile; fileRef = 78FA1E501BB3487D00A5F627 /* Flutter_ToolKitTests.m */; };
		78FA1E5C1BB3487D00A5F627 /* Flutter_ToolKitUITests.m in Sources */ = {isa = PBXBuildFile; fileRef = 78FA1E5B1BB3487D00A5F627 /* Flutter_ToolKitUITests.m */; };
		78FA1E731BB4780C00A5F627 /* CoreText.framework in Frameworks */ = {isa = PBXBuildFile; fileRef = 78FA1E701BB4780C00A5F627 /* CoreText.framework */; };
		78FA1E741BB4780C00A5F627 /* IOKit.framework in Frameworks */ = {isa = PBXBuildFile; fileRef = 78FA1E711BB4780C00A5F627 /* IOKit.framework */; };
		78FA1E751BB4780C00A5F627 /* WebKit.framework in Frameworks */ = {isa = PBXBuildFile; fileRef = 78FA1E721BB4780C00A5F627 /* WebKit.framework */; };
/* End PBXBuildFile section */

/* Begin PBXContainerItemProxy section */
		78FA1E4D1BB3487D00A5F627 /* PBXContainerItemProxy */ = {
			isa = PBXContainerItemProxy;
			containerPortal = 78FA1E2B1BB3487C00A5F627 /* Project object */;
			proxyType = 1;
			remoteGlobalIDString = 78FA1E321BB3487C00A5F627;
			remoteInfo = "Flutter ToolKit";
		};
		78FA1E581BB3487D00A5F627 /* PBXContainerItemProxy */ = {
			isa = PBXContainerItemProxy;
			containerPortal = 78FA1E2B1BB3487C00A5F627 /* Project object */;
			proxyType = 1;
			remoteGlobalIDString = 78FA1E321BB3487C00A5F627;
			remoteInfo = "Flutter ToolKit";
		};
/* End PBXContainerItemProxy section */

/* Begin PBXFileReference section */
		78FA1E331BB3487C00A5F627 /* Flutter ToolKit.app */ = {isa = PBXFileReference; explicitFileType = wrapper.application; includeInIndex = 0; path = "Flutter ToolKit.app"; sourceTree = BUILT_PRODUCTS_DIR; };
		78FA1E361BB3487C00A5F627 /* AppDelegate.h */ = {isa = PBXFileReference; lastKnownFileType = sourcecode.c.h; path = AppDelegate.h; sourceTree = "<group>"; };
		78FA1E371BB3487C00A5F627 /* AppDelegate.m */ = {isa = PBXFileReference; lastKnownFileType = sourcecode.c.objc; path = AppDelegate.m; sourceTree = "<group>"; };
		78FA1E3A1BB3487C00A5F627 /* main.m */ = {isa = PBXFileReference; lastKnownFileType = sourcecode.c.objc; path = main.m; sourceTree = "<group>"; };
		78FA1E3C1BB3487C00A5F627 /* Document.h */ = {isa = PBXFileReference; lastKnownFileType = sourcecode.c.h; path = Document.h; sourceTree = "<group>"; };
		78FA1E3D1BB3487C00A5F627 /* Document.m */ = {isa = PBXFileReference; lastKnownFileType = sourcecode.c.objc; path = Document.m; sourceTree = "<group>"; };
		78FA1E401BB3487C00A5F627 /* Base */ = {isa = PBXFileReference; lastKnownFileType = file.xib; name = Base; path = Base.lproj/Document.xib; sourceTree = "<group>"; };
		78FA1E421BB3487C00A5F627 /* Assets.xcassets */ = {isa = PBXFileReference; lastKnownFileType = folder.assetcatalog; path = Assets.xcassets; sourceTree = "<group>"; };
		78FA1E451BB3487C00A5F627 /* Base */ = {isa = PBXFileReference; lastKnownFileType = file.xib; name = Base; path = Base.lproj/MainMenu.xib; sourceTree = "<group>"; };
		78FA1E471BB3487C00A5F627 /* Info.plist */ = {isa = PBXFileReference; lastKnownFileType = text.plist.xml; path = Info.plist; sourceTree = "<group>"; };
		78FA1E4C1BB3487D00A5F627 /* Flutter ToolKitTests.xctest */ = {isa = PBXFileReference; explicitFileType = wrapper.cfbundle; includeInIndex = 0; path = "Flutter ToolKitTests.xctest"; sourceTree = BUILT_PRODUCTS_DIR; };
		78FA1E501BB3487D00A5F627 /* Flutter_ToolKitTests.m */ = {isa = PBXFileReference; lastKnownFileType = sourcecode.c.objc; path = Flutter_ToolKitTests.m; sourceTree = "<group>"; };
		78FA1E521BB3487D00A5F627 /* Info.plist */ = {isa = PBXFileReference; lastKnownFileType = text.plist.xml; path = Info.plist; sourceTree = "<group>"; };
		78FA1E571BB3487D00A5F627 /* Flutter ToolKitUITests.xctest */ = {isa = PBXFileReference; explicitFileType = wrapper.cfbundle; includeInIndex = 0; path = "Flutter ToolKitUITests.xctest"; sourceTree = BUILT_PRODUCTS_DIR; };
		78FA1E5B1BB3487D00A5F627 /* Flutter_ToolKitUITests.m */ = {isa = PBXFileReference; lastKnownFileType = sourcecode.c.objc; path = Flutter_ToolKitUITests.m; sourceTree = "<group>"; };
		78FA1E5D1BB3487D00A5F627 /* Info.plist */ = {isa = PBXFileReference; lastKnownFileType = text.plist.xml; path = Info.plist; sourceTree = "<group>"; };
		78FA1E691BB4772700A5F627 /* ScintillaFramework.xcodeproj */ = {isa = PBXFileReference; lastKnownFileType = "wrapper.pb-project"; name = ScintillaFramework.xcodeproj; path = ../scintilla/cocoa/ScintillaFramework/ScintillaFramework.xcodeproj; sourceTree = "<group>"; };
		78FA1E701BB4780C00A5F627 /* CoreText.framework */ = {isa = PBXFileReference; lastKnownFileType = wrapper.framework; name = CoreText.framework; path = System/Library/Frameworks/CoreText.framework; sourceTree = SDKROOT; };
		78FA1E711BB4780C00A5F627 /* IOKit.framework */ = {isa = PBXFileReference; lastKnownFileType = wrapper.framework; name = IOKit.framework; path = System/Library/Frameworks/IOKit.framework; sourceTree = SDKROOT; };
		78FA1E721BB4780C00A5F627 /* WebKit.framework */ = {isa = PBXFileReference; lastKnownFileType = wrapper.framework; name = WebKit.framework; path = System/Library/Frameworks/WebKit.framework; sourceTree = SDKROOT; };
/* End PBXFileReference section */

/* Begin PBXFrameworksBuildPhase section */
		78FA1E301BB3487C00A5F627 /* Frameworks */ = {
			isa = PBXFrameworksBuildPhase;
			buildActionMask = 2147483647;
			files = (
				78FA1E731BB4780C00A5F627 /* CoreText.framework in Frameworks */,
				78FA1E741BB4780C00A5F627 /* IOKit.framework in Frameworks */,
				78FA1E751BB4780C00A5F627 /* WebKit.framework in Frameworks */,
			);
			runOnlyForDeploymentPostprocessing = 0;
		};
		78FA1E491BB3487D00A5F627 /* Frameworks */ = {
			isa = PBXFrameworksBuildPhase;
			buildActionMask = 2147483647;
			files = (
			);
			runOnlyForDeploymentPostprocessing = 0;
		};
		78FA1E541BB3487D00A5F627 /* Frameworks */ = {
			isa = PBXFrameworksBuildPhase;
			buildActionMask = 2147483647;
			files = (
			);
			runOnlyForDeploymentPostprocessing = 0;
		};
/* End PBXFrameworksBuildPhase section */

/* Begin PBXGroup section */
		78FA1E2A1BB3487C00A5F627 = {
			isa = PBXGroup;
			children = (
				78FA1E351BB3487C00A5F627 /* Flutter ToolKit */,
				78FA1E4F1BB3487D00A5F627 /* Flutter ToolKitTests */,
				78FA1E5A1BB3487D00A5F627 /* Flutter ToolKitUITests */,
				78FA1E341BB3487C00A5F627 /* Products */,
			);
			sourceTree = "<group>";
		};
		78FA1E341BB3487C00A5F627 /* Products */ = {
			isa = PBXGroup;
			children = (
				78FA1E331BB3487C00A5F627 /* Flutter ToolKit.app */,
				78FA1E4C1BB3487D00A5F627 /* Flutter ToolKitTests.xctest */,
				78FA1E571BB3487D00A5F627 /* Flutter ToolKitUITests.xctest */,
			);
			name = Products;
			sourceTree = "<group>";
		};
		78FA1E351BB3487C00A5F627 /* Flutter ToolKit */ = {
			isa = PBXGroup;
			children = (
				78FA1E761BB4781F00A5F627 /* Frameworks */,
				78FA1E361BB3487C00A5F627 /* AppDelegate.h */,
				78FA1E371BB3487C00A5F627 /* AppDelegate.m */,
				78FA1E3C1BB3487C00A5F627 /* Document.h */,
				78FA1E3D1BB3487C00A5F627 /* Document.m */,
				78FA1E3F1BB3487C00A5F627 /* Document.xib */,
				78FA1E421BB3487C00A5F627 /* Assets.xcassets */,
				78FA1E441BB3487C00A5F627 /* MainMenu.xib */,
				78FA1E471BB3487C00A5F627 /* Info.plist */,
				78FA1E391BB3487C00A5F627 /* Supporting Files */,
			);
			path = "Flutter ToolKit";
			sourceTree = "<group>";
		};
		78FA1E391BB3487C00A5F627 /* Supporting Files */ = {
			isa = PBXGroup;
			children = (
				78FA1E3A1BB3487C00A5F627 /* main.m */,
			);
			name = "Supporting Files";
			sourceTree = "<group>";
		};
		78FA1E4F1BB3487D00A5F627 /* Flutter ToolKitTests */ = {
			isa = PBXGroup;
			children = (
				78FA1E501BB3487D00A5F627 /* Flutter_ToolKitTests.m */,
				78FA1E521BB3487D00A5F627 /* Info.plist */,
			);
			path = "Flutter ToolKitTests";
			sourceTree = "<group>";
		};
		78FA1E5A1BB3487D00A5F627 /* Flutter ToolKitUITests */ = {
			isa = PBXGroup;
			children = (
				78FA1E5B1BB3487D00A5F627 /* Flutter_ToolKitUITests.m */,
				78FA1E5D1BB3487D00A5F627 /* Info.plist */,
			);
			path = "Flutter ToolKitUITests";
			sourceTree = "<group>";
		};
		78FA1E761BB4781F00A5F627 /* Frameworks */ = {
			isa = PBXGroup;
			children = (
				78FA1E701BB4780C00A5F627 /* CoreText.framework */,
				78FA1E711BB4780C00A5F627 /* IOKit.framework */,
				78FA1E721BB4780C00A5F627 /* WebKit.framework */,
				78FA1E691BB4772700A5F627 /* ScintillaFramework.xcodeproj */,
			);
			name = Frameworks;
			sourceTree = "<group>";
		};
/* End PBXGroup section */

/* Begin PBXNativeTarget section */
		78FA1E321BB3487C00A5F627 /* Flutter ToolKit */ = {
			isa = PBXNativeTarget;
			buildConfigurationList = 78FA1E601BB3487D00A5F627 /* Build configuration list for PBXNativeTarget "Flutter ToolKit" */;
			buildPhases = (
				78FA1E2F1BB3487C00A5F627 /* Sources */,
				78FA1E301BB3487C00A5F627 /* Frameworks */,
				78FA1E311BB3487C00A5F627 /* Resources */,
			);
			buildRules = (
			);
			dependencies = (
			);
			name = "Flutter ToolKit";
			productName = "Flutter ToolKit";
			productReference = 78FA1E331BB3487C00A5F627 /* Flutter ToolKit.app */;
			productType = "com.apple.product-type.application";
		};
		78FA1E4B1BB3487D00A5F627 /* Flutter ToolKitTests */ = {
			isa = PBXNativeTarget;
			buildConfigurationList = 78FA1E631BB3487D00A5F627 /* Build configuration list for PBXNativeTarget "Flutter ToolKitTests" */;
			buildPhases = (
				78FA1E481BB3487D00A5F627 /* Sources */,
				78FA1E491BB3487D00A5F627 /* Frameworks */,
				78FA1E4A1BB3487D00A5F627 /* Resources */,
			);
			buildRules = (
			);
			dependencies = (
				78FA1E4E1BB3487D00A5F627 /* PBXTargetDependency */,
			);
			name = "Flutter ToolKitTests";
			productName = "Flutter ToolKitTests";
			productReference = 78FA1E4C1BB3487D00A5F627 /* Flutter ToolKitTests.xctest */;
			productType = "com.apple.product-type.bundle.unit-test";
		};
		78FA1E561BB3487D00A5F627 /* Flutter ToolKitUITests */ = {
			isa = PBXNativeTarget;
			buildConfigurationList = 78FA1E661BB3487D00A5F627 /* Build configuration list for PBXNativeTarget "Flutter ToolKitUITests" */;
			buildPhases = (
				78FA1E531BB3487D00A5F627 /* Sources */,
				78FA1E541BB3487D00A5F627 /* Frameworks */,
				78FA1E551BB3487D00A5F627 /* Resources */,
			);
			buildRules = (
			);
			dependencies = (
				78FA1E591BB3487D00A5F627 /* PBXTargetDependency */,
			);
			name = "Flutter ToolKitUITests";
			productName = "Flutter ToolKitUITests";
			productReference = 78FA1E571BB3487D00A5F627 /* Flutter ToolKitUITests.xctest */;
			productType = "com.apple.product-type.bundle.ui-testing";
		};
/* End PBXNativeTarget section */

/* Begin PBXProject section */
		78FA1E2B1BB3487C00A5F627 /* Project object */ = {
			isa = PBXProject;
			attributes = {
				LastUpgradeCheck = 0700;
				ORGANIZATIONNAME = "Greg Simon";
				TargetAttributes = {
					78FA1E321BB3487C00A5F627 = {
						CreatedOnToolsVersion = 7.0;
					};
					78FA1E4B1BB3487D00A5F627 = {
						CreatedOnToolsVersion = 7.0;
						TestTargetID = 78FA1E321BB3487C00A5F627;
					};
					78FA1E561BB3487D00A5F627 = {
						CreatedOnToolsVersion = 7.0;
						TestTargetID = 78FA1E321BB3487C00A5F627;
					};
				};
			};
			buildConfigurationList = 78FA1E2E1BB3487C00A5F627 /* Build configuration list for PBXProject "Flutter ToolKit" */;
			compatibilityVersion = "Xcode 3.2";
			developmentRegion = English;
			hasScannedForEncodings = 0;
			knownRegions = (
				en,
				Base,
			);
			mainGroup = 78FA1E2A1BB3487C00A5F627;
			productRefGroup = 78FA1E341BB3487C00A5F627 /* Products */;
			projectDirPath = "";
			projectRoot = "";
			targets = (
				78FA1E321BB3487C00A5F627 /* Flutter ToolKit */,
				78FA1E4B1BB3487D00A5F627 /* Flutter ToolKitTests */,
				78FA1E561BB3487D00A5F627 /* Flutter ToolKitUITests */,
			);
		};
/* End PBXProject section */

/* Begin PBXResourcesBuildPhase section */
		78FA1E311BB3487C00A5F627 /* Resources */ = {
			isa = PBXResourcesBuildPhase;
			buildActionMask = 2147483647;
			files = (
				78FA1E431BB3487C00A5F627 /* Assets.xcassets in Resources */,
				78FA1E411BB3487C00A5F627 /* Document.xib in Resources */,
				78FA1E461BB3487C00A5F627 /* MainMenu.xib in Resources */,
			);
			runOnlyForDeploymentPostprocessing = 0;
		};
		78FA1E4A1BB3487D00A5F627 /* Resources */ = {
			isa = PBXResourcesBuildPhase;
			buildActionMask = 2147483647;
			files = (
			);
			runOnlyForDeploymentPostprocessing = 0;
		};
		78FA1E551BB3487D00A5F627 /* Resources */ = {
			isa = PBXResourcesBuildPhase;
			buildActionMask = 2147483647;
			files = (
			);
			runOnlyForDeploymentPostprocessing = 0;
		};
/* End PBXResourcesBuildPhase section */

/* Begin PBXSourcesBuildPhase section */
		78FA1E2F1BB3487C00A5F627 /* Sources */ = {
			isa = PBXSourcesBuildPhase;
			buildActionMask = 2147483647;
			files = (
				78FA1E3E1BB3487C00A5F627 /* Document.m in Sources */,
				78FA1E3B1BB3487C00A5F627 /* main.m in Sources */,
				78FA1E381BB3487C00A5F627 /* AppDelegate.m in Sources */,
			);
			runOnlyForDeploymentPostprocessing = 0;
		};
		78FA1E481BB3487D00A5F627 /* Sources */ = {
			isa = PBXSourcesBuildPhase;
			buildActionMask = 2147483647;
			files = (
				78FA1E511BB3487D00A5F627 /* Flutter_ToolKitTests.m in Sources */,
			);
			runOnlyForDeploymentPostprocessing = 0;
		};
		78FA1E531BB3487D00A5F627 /* Sources */ = {
			isa = PBXSourcesBuildPhase;
			buildActionMask = 2147483647;
			files = (
				78FA1E5C1BB3487D00A5F627 /* Flutter_ToolKitUITests.m in Sources */,
			);
			runOnlyForDeploymentPostprocessing = 0;
		};
/* End PBXSourcesBuildPhase section */

/* Begin PBXTargetDependency section */
		78FA1E4E1BB3487D00A5F627 /* PBXTargetDependency */ = {
			isa = PBXTargetDependency;
			target = 78FA1E321BB3487C00A5F627 /* Flutter ToolKit */;
			targetProxy = 78FA1E4D1BB3487D00A5F627 /* PBXContainerItemProxy */;
		};
		78FA1E591BB3487D00A5F627 /* PBXTargetDependency */ = {
			isa = PBXTargetDependency;
			target = 78FA1E321BB3487C00A5F627 /* Flutter ToolKit */;
			targetProxy = 78FA1E581BB3487D00A5F627 /* PBXContainerItemProxy */;
		};
/* End PBXTargetDependency section */

/* Begin PBXVariantGroup section */
		78FA1E3F1BB3487C00A5F627 /* Document.xib */ = {
			isa = PBXVariantGroup;
			children = (
				78FA1E401BB3487C00A5F627 /* Base */,
			);
			name = Document.xib;
			sourceTree = "<group>";
		};
		78FA1E441BB3487C00A5F627 /* MainMenu.xib */ = {
			isa = PBXVariantGroup;
			children = (
				78FA1E451BB3487C00A5F627 /* Base */,
			);
			name = MainMenu.xib;
			sourceTree = "<group>";
		};
/* End PBXVariantGroup section */

/* Begin XCBuildConfiguration section */
		78FA1E5E1BB3487D00A5F627 /* Debug */ = {
			isa = XCBuildConfiguration;
			buildSettings = {
				ALWAYS_SEARCH_USER_PATHS = NO;
				CLANG_CXX_LANGUAGE_STANDARD = "gnu++0x";
				CLANG_CXX_LIBRARY = "libc++";
				CLANG_ENABLE_MODULES = YES;
				CLANG_ENABLE_OBJC_ARC = YES;
				CLANG_WARN_BOOL_CONVERSION = YES;
				CLANG_WARN_CONSTANT_CONVERSION = YES;
				CLANG_WARN_DIRECT_OBJC_ISA_USAGE = YES_ERROR;
				CLANG_WARN_EMPTY_BODY = YES;
				CLANG_WARN_ENUM_CONVERSION = YES;
				CLANG_WARN_INT_CONVERSION = YES;
				CLANG_WARN_OBJC_ROOT_CLASS = YES_ERROR;
				CLANG_WARN_UNREACHABLE_CODE = YES;
				CLANG_WARN__DUPLICATE_METHOD_MATCH = YES;
				CODE_SIGN_IDENTITY = "-";
				COPY_PHASE_STRIP = NO;
				DEBUG_INFORMATION_FORMAT = dwarf;
				ENABLE_STRICT_OBJC_MSGSEND = YES;
				ENABLE_TESTABILITY = YES;
				GCC_C_LANGUAGE_STANDARD = gnu99;
				GCC_DYNAMIC_NO_PIC = NO;
				GCC_NO_COMMON_BLOCKS = YES;
				GCC_OPTIMIZATION_LEVEL = 0;
				GCC_PREPROCESSOR_DEFINITIONS = (
					"DEBUG=1",
					"$(inherited)",
				);
				GCC_WARN_64_TO_32_BIT_CONVERSION = YES;
				GCC_WARN_ABOUT_RETURN_TYPE = YES_ERROR;
				GCC_WARN_UNDECLARED_SELECTOR = YES;
				GCC_WARN_UNINITIALIZED_AUTOS = YES_AGGRESSIVE;
				GCC_WARN_UNUSED_FUNCTION = YES;
				GCC_WARN_UNUSED_VARIABLE = YES;
				MACOSX_DEPLOYMENT_TARGET = 10.10;
				MTL_ENABLE_DEBUG_INFO = YES;
				ONLY_ACTIVE_ARCH = YES;
				SDKROOT = macosx;
			};
			name = Debug;
		};
		78FA1E5F1BB3487D00A5F627 /* Release */ = {
			isa = XCBuildConfiguration;
			buildSettings = {
				ALWAYS_SEARCH_USER_PATHS = NO;
				CLANG_CXX_LANGUAGE_STANDARD = "gnu++0x";
				CLANG_CXX_LIBRARY = "libc++";
				CLANG_ENABLE_MODULES = YES;
				CLANG_ENABLE_OBJC_ARC = YES;
				CLANG_WARN_BOOL_CONVERSION = YES;
				CLANG_WARN_CONSTANT_CONVERSION = YES;
				CLANG_WARN_DIRECT_OBJC_ISA_USAGE = YES_ERROR;
				CLANG_WARN_EMPTY_BODY = YES;
				CLANG_WARN_ENUM_CONVERSION = YES;
				CLANG_WARN_INT_CONVERSION = YES;
				CLANG_WARN_OBJC_ROOT_CLASS = YES_ERROR;
				CLANG_WARN_UNREACHABLE_CODE = YES;
				CLANG_WARN__DUPLICATE_METHOD_MATCH = YES;
				CODE_SIGN_IDENTITY = "-";
				COPY_PHASE_STRIP = NO;
				DEBUG_INFORMATION_FORMAT = "dwarf-with-dsym";
				ENABLE_NS_ASSERTIONS = NO;
				ENABLE_STRICT_OBJC_MSGSEND = YES;
				GCC_C_LANGUAGE_STANDARD = gnu99;
				GCC_NO_COMMON_BLOCKS = YES;
				GCC_WARN_64_TO_32_BIT_CONVERSION = YES;
				GCC_WARN_ABOUT_RETURN_TYPE = YES_ERROR;
				GCC_WARN_UNDECLARED_SELECTOR = YES;
				GCC_WARN_UNINITIALIZED_AUTOS = YES_AGGRESSIVE;
				GCC_WARN_UNUSED_FUNCTION = YES;
				GCC_WARN_UNUSED_VARIABLE = YES;
				MACOSX_DEPLOYMENT_TARGET = 10.10;
				MTL_ENABLE_DEBUG_INFO = NO;
				SDKROOT = macosx;
			};
			name = Release;
		};
		78FA1E611BB3487D00A5F627 /* Debug */ = {
			isa = XCBuildConfiguration;
			buildSettings = {
				ASSETCATALOG_COMPILER_APPICON_NAME = AppIcon;
				COMBINE_HIDPI_IMAGES = YES;
				INFOPLIST_FILE = "Flutter ToolKit/Info.plist";
				LD_RUNPATH_SEARCH_PATHS = "$(inherited) @executable_path/../Frameworks";
				MACOSX_DEPLOYMENT_TARGET = 10.10;
				PRODUCT_BUNDLE_IDENTIFIER = "io.flutter.toolkit.Flutter-ToolKit";
				PRODUCT_NAME = "$(TARGET_NAME)";
			};
			name = Debug;
		};
		78FA1E621BB3487D00A5F627 /* Release */ = {
			isa = XCBuildConfiguration;
			buildSettings = {
				ASSETCATALOG_COMPILER_APPICON_NAME = AppIcon;
				COMBINE_HIDPI_IMAGES = YES;
				INFOPLIST_FILE = "Flutter ToolKit/Info.plist";
				LD_RUNPATH_SEARCH_PATHS = "$(inherited) @executable_path/../Frameworks";
				MACOSX_DEPLOYMENT_TARGET = 10.10;
				PRODUCT_BUNDLE_IDENTIFIER = "io.flutter.toolkit.Flutter-ToolKit";
				PRODUCT_NAME = "$(TARGET_NAME)";
			};
			name = Release;
		};
		78FA1E641BB3487D00A5F627 /* Debug */ = {
			isa = XCBuildConfiguration;
			buildSettings = {
				BUNDLE_LOADER = "$(TEST_HOST)";
				COMBINE_HIDPI_IMAGES = YES;
				INFOPLIST_FILE = "Flutter ToolKitTests/Info.plist";
				LD_RUNPATH_SEARCH_PATHS = "$(inherited) @executable_path/../Frameworks @loader_path/../Frameworks";
				PRODUCT_BUNDLE_IDENTIFIER = "io.flutter.toolkit.Flutter-ToolKitTests";
				PRODUCT_NAME = "$(TARGET_NAME)";
				TEST_HOST = "$(BUILT_PRODUCTS_DIR)/Flutter ToolKit.app/Contents/MacOS/Flutter ToolKit";
			};
			name = Debug;
		};
		78FA1E651BB3487D00A5F627 /* Release */ = {
			isa = XCBuildConfiguration;
			buildSettings = {
				BUNDLE_LOADER = "$(TEST_HOST)";
				COMBINE_HIDPI_IMAGES = YES;
				INFOPLIST_FILE = "Flutter ToolKitTests/Info.plist";
				LD_RUNPATH_SEARCH_PATHS = "$(inherited) @executable_path/../Frameworks @loader_path/../Frameworks";
				PRODUCT_BUNDLE_IDENTIFIER = "io.flutter.toolkit.Flutter-ToolKitTests";
				PRODUCT_NAME = "$(TARGET_NAME)";
				TEST_HOST = "$(BUILT_PRODUCTS_DIR)/Flutter ToolKit.app/Contents/MacOS/Flutter ToolKit";
			};
			name = Release;
		};
		78FA1E671BB3487D00A5F627 /* Debug */ = {
			isa = XCBuildConfiguration;
			buildSettings = {
				COMBINE_HIDPI_IMAGES = YES;
				INFOPLIST_FILE = "Flutter ToolKitUITests/Info.plist";
				LD_RUNPATH_SEARCH_PATHS = "$(inherited) @executable_path/../Frameworks @loader_path/../Frameworks";
				PRODUCT_BUNDLE_IDENTIFIER = "io.flutter.toolkit.Flutter-ToolKitUITests";
				PRODUCT_NAME = "$(TARGET_NAME)";
				TEST_TARGET_NAME = "Flutter ToolKit";
				USES_XCTRUNNER = YES;
			};
			name = Debug;
		};
		78FA1E681BB3487D00A5F627 /* Release */ = {
			isa = XCBuildConfiguration;
			buildSettings = {
				COMBINE_HIDPI_IMAGES = YES;
				INFOPLIST_FILE = "Flutter ToolKitUITests/Info.plist";
				LD_RUNPATH_SEARCH_PATHS = "$(inherited) @executable_path/../Frameworks @loader_path/../Frameworks";
				PRODUCT_BUNDLE_IDENTIFIER = "io.flutter.toolkit.Flutter-ToolKitUITests";
				PRODUCT_NAME = "$(TARGET_NAME)";
				TEST_TARGET_NAME = "Flutter ToolKit";
				USES_XCTRUNNER = YES;
			};
			name = Release;
		};
/* End XCBuildConfiguration section */

/* Begin XCConfigurationList section */
		78FA1E2E1BB3487C00A5F627 /* Build configuration list for PBXProject "Flutter ToolKit" */ = {
			isa = XCConfigurationList;
			buildConfigurations = (
				78FA1E5E1BB3487D00A5F627 /* Debug */,
				78FA1E5F1BB3487D00A5F627 /* Release */,
			);
			defaultConfigurationIsVisible = 0;
			defaultConfigurationName = Release;
		};
		78FA1E601BB3487D00A5F627 /* Build configuration list for PBXNativeTarget "Flutter ToolKit" */ = {
			isa = XCConfigurationList;
			buildConfigurations = (
				78FA1E611BB3487D00A5F627 /* Debug */,
				78FA1E621BB3487D00A5F627 /* Release */,
			);
			defaultConfigurationIsVisible = 0;
			defaultConfigurationName = Release;
		};
		78FA1E631BB3487D00A5F627 /* Build configuration list for PBXNativeTarget "Flutter ToolKitTests" */ = {
			isa = XCConfigurationList;
			buildConfigurations = (
				78FA1E641BB3487D00A5F627 /* Debug */,
				78FA1E651BB3487D00A5F627 /* Release */,
			);
			defaultConfigurationIsVisible = 0;
			defaultConfigurationName = Release;
		};
		78FA1E661BB3487D00A5F627 /* Build configuration list for PBXNativeTarget "Flutter ToolKitUITests" */ = {
			isa = XCConfigurationList;
			buildConfigurations = (
				78FA1E671BB3487D00A5F627 /* Debug */,
				78FA1E681BB3487D00A5F627 /* Release */,
			);
			defaultConfigurationIsVisible = 0;
			defaultConfigurationName = Release;
		};
/* End XCConfigurationList section */
	};
	rootObject = 78FA1E2B1BB3487C00A5F627 /* Project object */;
}
